# This file is automatically @generated by Cargo.
# It is not intended for manual editing.
version = 4

[[package]]
name = "annotations"
version = "0.1.0"

[[package]]
name = "annotations-macros"
version = "0.1.0"

[[package]]
name = "cli"
version = "0.1.0"

[[package]]
name = "contract"
version = "0.1.0"

[[package]]
name = "diff"
version = "0.1.0"

[[package]]
name = "extract"
version = "0.1.0"

[[package]]
name = "runtime"
version = "0.1.0"
